
Microsoft Visual Studio Solution File, Format Version 12.00
# Visual Studio 15
VisualStudioVersion = 15.0.28307.705
MinimumVisualStudioVersion = 10.0.40219.1
Project("{2150E333-8FDC-42A3-9474-1A3956D46DE8}") = "Solution Items", "Solution Items", "{853D4044-3888-41F1-BADB-1DFD1D92AE8A}"
	ProjectSection(SolutionItems) = preProject
		lab.html = lab.html
		labJs.js = labJs.js
	EndProjectSection
EndProject
Global
	GlobalSection(SolutionProperties) = preSolution
		HideSolutionNode = FALSE
	EndGlobalSection
	GlobalSection(ExtensibilityGlobals) = postSolution
		SolutionGuid = {34B459F5-2726-435E-ABDF-6121C0D615BC}
	EndGlobalSection
EndGlobal
